{
  "version": 4,
  "terraform_version": "1.9.7",
  "serial": 36,
  "lineage": "42abb145-5fd8-5fc5-fefa-517ccfb5f077",
  "outputs": {},
  "resources": [
    {
      "module": "module.iam",
      "mode": "managed",
      "type": "aws_iam_account_password_policy",
      "name": "strong_password_policy",
      "provider": "provider[\"registry.terraform.io/hashicorp/aws\"]",
      "instances": [
        {
          "schema_version": 0,
          "attributes": {
            "allow_users_to_change_password": true,
            "expire_passwords": true,
            "hard_expiry": false,
            "id": "iam-account-password-policy",
            "max_password_age": 90,
            "minimum_password_length": 12,
            "password_reuse_prevention": 5,
            "require_lowercase_characters": true,
            "require_numbers": true,
            "require_symbols": true,
            "require_uppercase_characters": true
          },
          "sensitive_attributes": [],
          "private": "bnVsbA=="
        }
      ]
    },
    {
      "module": "module.iam",
      "mode": "managed",
      "type": "aws_iam_group",
      "name": "analysts_group",
      "provider": "provider[\"registry.terraform.io/hashicorp/aws\"]",
      "instances": [
        {
          "schema_version": 0,
          "attributes": {
            "arn": "arn:aws:iam::453846582175:group/Analysts",
            "id": "Analysts",
            "name": "Analysts",
            "path": "/",
            "unique_id": "AGPAWTK25IOPRZD6PG5EE"
          },
          "sensitive_attributes": [],
          "private": "bnVsbA=="
        }
      ]
    },
    {
      "module": "module.iam",
      "mode": "managed",
      "type": "aws_iam_group",
      "name": "developers_group",
      "provider": "provider[\"registry.terraform.io/hashicorp/aws\"]",
      "instances": [
        {
          "schema_version": 0,
          "attributes": {
            "arn": "arn:aws:iam::453846582175:group/Developers",
            "id": "Developers",
            "name": "Developers",
            "path": "/",
            "unique_id": "AGPAWTK25IOP36ZCMHL5D"
          },
          "sensitive_attributes": [],
          "private": "bnVsbA=="
        }
      ]
    },
    {
      "module": "module.iam",
      "mode": "managed",
      "type": "aws_iam_group",
      "name": "finance_group",
      "provider": "provider[\"registry.terraform.io/hashicorp/aws\"]",
      "instances": [
        {
          "schema_version": 0,
          "attributes": {
            "arn": "arn:aws:iam::453846582175:group/Finance",
            "id": "Finance",
            "name": "Finance",
            "path": "/",
            "unique_id": "AGPAWTK25IOP6YBHSXS6N"
          },
          "sensitive_attributes": [],
          "private": "bnVsbA=="
        }
      ]
    },
    {
      "module": "module.iam",
      "mode": "managed",
      "type": "aws_iam_group",
      "name": "operations_group",
      "provider": "provider[\"registry.terraform.io/hashicorp/aws\"]",
      "instances": [
        {
          "schema_version": 0,
          "attributes": {
            "arn": "arn:aws:iam::453846582175:group/Operations",
            "id": "Operations",
            "name": "Operations",
            "path": "/",
            "unique_id": "AGPAWTK25IOPR3KSYYB6Y"
          },
          "sensitive_attributes": [],
          "private": "bnVsbA=="
        }
      ]
    },
    {
      "module": "module.iam",
      "mode": "managed",
      "type": "aws_iam_group_membership",
      "name": "analysts_group",
      "provider": "provider[\"registry.terraform.io/hashicorp/aws\"]",
      "instances": [
        {
          "schema_version": 0,
          "attributes": {
            "group": "Analysts",
            "id": "analysts-membership",
            "name": "analysts-membership",
            "users": [
              "analyst1",
              "analyst2",
              "analyst3"
            ]
          },
          "sensitive_attributes": [],
          "private": "bnVsbA==",
          "dependencies": [
            "module.iam.aws_iam_group.analysts_group",
            "module.iam.aws_iam_user.analysts"
          ]
        }
      ]
    },
    {
      "module": "module.iam",
      "mode": "managed",
      "type": "aws_iam_group_membership",
      "name": "developers_group",
      "provider": "provider[\"registry.terraform.io/hashicorp/aws\"]",
      "instances": [
        {
          "schema_version": 0,
          "attributes": {
            "group": "Developers",
            "id": "developers-membership",
            "name": "developers-membership",
            "users": [
              "developer1",
              "developer2",
              "developer3",
              "developer4"
            ]
          },
          "sensitive_attributes": [],
          "private": "bnVsbA==",
          "dependencies": [
            "module.iam.aws_iam_group.developers_group",
            "module.iam.aws_iam_user.developers"
          ]
        }
      ]
    },
    {
      "module": "module.iam",
      "mode": "managed",
      "type": "aws_iam_group_membership",
      "name": "finance_group",
      "provider": "provider[\"registry.terraform.io/hashicorp/aws\"]",
      "instances": [
        {
          "schema_version": 0,
          "attributes": {
            "group": "Finance",
            "id": "finance-membership",
            "name": "finance-membership",
            "users": [
              "finance1"
            ]
          },
          "sensitive_attributes": [],
          "private": "bnVsbA==",
          "dependencies": [
            "module.iam.aws_iam_group.finance_group",
            "module.iam.aws_iam_user.finance"
          ]
        }
      ]
    },
    {
      "module": "module.iam",
      "mode": "managed",
      "type": "aws_iam_group_membership",
      "name": "operations_group",
      "provider": "provider[\"registry.terraform.io/hashicorp/aws\"]",
      "instances": [
        {
          "schema_version": 0,
          "attributes": {
            "group": "Operations",
            "id": "operations-membership",
            "name": "operations-membership",
            "users": [
              "operations1",
              "operations2"
            ]
          },
          "sensitive_attributes": [],
          "private": "bnVsbA==",
          "dependencies": [
            "module.iam.aws_iam_group.operations_group",
            "module.iam.aws_iam_user.operations"
          ]
        }
      ]
    },
    {
      "module": "module.iam",
      "mode": "managed",
      "type": "aws_iam_group_policy_attachment",
      "name": "analysts_mfa",
      "provider": "provider[\"registry.terraform.io/hashicorp/aws\"]",
      "instances": [
        {
          "schema_version": 0,
          "attributes": {
            "group": "Analysts",
            "id": "Analysts-20241130230501296400000002",
            "policy_arn": "arn:aws:iam::453846582175:policy/EnforceMFA"
          },
          "sensitive_attributes": [],
          "private": "bnVsbA==",
          "dependencies": [
            "module.iam.aws_iam_group.analysts_group",
            "module.iam.aws_iam_policy.enforce_mfa"
          ]
        }
      ]
    },
    {
      "module": "module.iam",
      "mode": "managed",
      "type": "aws_iam_group_policy_attachment",
      "name": "analysts_policy_attachment",
      "provider": "provider[\"registry.terraform.io/hashicorp/aws\"]",
      "instances": [
        {
          "schema_version": 0,
          "attributes": {
            "group": "Analysts",
            "id": "Analysts-20241130230501493300000005",
            "policy_arn": "arn:aws:iam::453846582175:policy/AnalystsPolicy"
          },
          "sensitive_attributes": [],
          "private": "bnVsbA==",
          "dependencies": [
            "module.iam.aws_iam_group.analysts_group",
            "module.iam.aws_iam_policy.analysts_policy"
          ]
        }
      ]
    },
    {
      "module": "module.iam",
      "mode": "managed",
      "type": "aws_iam_group_policy_attachment",
      "name": "developers_mfa",
      "provider": "provider[\"registry.terraform.io/hashicorp/aws\"]",
      "instances": [
        {
          "schema_version": 0,
          "attributes": {
            "group": "Developers",
            "id": "Developers-20241130230501368200000003",
            "policy_arn": "arn:aws:iam::453846582175:policy/EnforceMFA"
          },
          "sensitive_attributes": [],
          "private": "bnVsbA==",
          "dependencies": [
            "module.iam.aws_iam_group.developers_group",
            "module.iam.aws_iam_policy.enforce_mfa"
          ]
        }
      ]
    },
    {
      "module": "module.iam",
      "mode": "managed",
      "type": "aws_iam_group_policy_attachment",
      "name": "developers_policy_attachment",
      "provider": "provider[\"registry.terraform.io/hashicorp/aws\"]",
      "instances": [
        {
          "schema_version": 0,
          "attributes": {
            "group": "Developers",
            "id": "Developers-20241130225836911100000002",
            "policy_arn": "arn:aws:iam::453846582175:policy/DevelopersPolicy"
          },
          "sensitive_attributes": [],
          "private": "bnVsbA==",
          "dependencies": [
            "module.iam.aws_iam_group.developers_group",
            "module.iam.aws_iam_policy.developers_policy"
          ]
        }
      ]
    },
    {
      "module": "module.iam",
      "mode": "managed",
      "type": "aws_iam_group_policy_attachment",
      "name": "finance_mfa",
      "provider": "provider[\"registry.terraform.io/hashicorp/aws\"]",
      "instances": [
        {
          "schema_version": 0,
          "attributes": {
            "group": "Finance",
            "id": "Finance-20241130230501409600000004",
            "policy_arn": "arn:aws:iam::453846582175:policy/EnforceMFA"
          },
          "sensitive_attributes": [],
          "private": "bnVsbA==",
          "dependencies": [
            "module.iam.aws_iam_group.finance_group",
            "module.iam.aws_iam_policy.enforce_mfa"
          ]
        }
      ]
    },
    {
      "module": "module.iam",
      "mode": "managed",
      "type": "aws_iam_group_policy_attachment",
      "name": "finance_policy_attachment",
      "provider": "provider[\"registry.terraform.io/hashicorp/aws\"]",
      "instances": [
        {
          "schema_version": 0,
          "attributes": {
            "group": "Finance",
            "id": "Finance-20241130225836915700000003",
            "policy_arn": "arn:aws:iam::453846582175:policy/FinancePolicy"
          },
          "sensitive_attributes": [],
          "private": "bnVsbA==",
          "dependencies": [
            "module.iam.aws_iam_group.finance_group",
            "module.iam.aws_iam_policy.finance_policy"
          ]
        }
      ]
    },
    {
      "module": "module.iam",
      "mode": "managed",
      "type": "aws_iam_group_policy_attachment",
      "name": "operations_mfa",
      "provider": "provider[\"registry.terraform.io/hashicorp/aws\"]",
      "instances": [
        {
          "schema_version": 0,
          "attributes": {
            "group": "Operations",
            "id": "Operations-20241130230501250000000001",
            "policy_arn": "arn:aws:iam::453846582175:policy/EnforceMFA"
          },
          "sensitive_attributes": [],
          "private": "bnVsbA==",
          "dependencies": [
            "module.iam.aws_iam_group.operations_group",
            "module.iam.aws_iam_policy.enforce_mfa"
          ]
        }
      ]
    },
    {
      "module": "module.iam",
      "mode": "managed",
      "type": "aws_iam_group_policy_attachment",
      "name": "operations_policy_attachment",
      "provider": "provider[\"registry.terraform.io/hashicorp/aws\"]",
      "instances": [
        {
          "schema_version": 0,
          "attributes": {
            "group": "Operations",
            "id": "Operations-20241130225836472900000001",
            "policy_arn": "arn:aws:iam::453846582175:policy/OperationsPolicy"
          },
          "sensitive_attributes": [],
          "private": "bnVsbA==",
          "dependencies": [
            "module.iam.aws_iam_group.operations_group",
            "module.iam.aws_iam_policy.operations_policy"
          ]
        }
      ]
    },
    {
      "module": "module.iam",
      "mode": "managed",
      "type": "aws_iam_policy",
      "name": "analysts_policy",
      "provider": "provider[\"registry.terraform.io/hashicorp/aws\"]",
      "instances": [
        {
          "schema_version": 0,
          "attributes": {
            "arn": "arn:aws:iam::453846582175:policy/AnalystsPolicy",
            "attachment_count": 0,
            "description": "Permission for Analysts: Read Only for S3 and DB",
            "id": "arn:aws:iam::453846582175:policy/AnalystsPolicy",
            "name": "AnalystsPolicy",
            "name_prefix": "",
            "path": "/",
            "policy": "{\"Statement\":[{\"Action\":[\"s3:ListBucket\",\"s3:GetObject\"],\"Effect\":\"Allow\",\"Resource\":\"*\"},{\"Action\":[\"rds:DescribeDBInstances\",\"rds:DescribeDBSnapshots\",\"rds:ListTagsForResource\",\"rds:DescribeDBClusterSnapshots\",\"rds:DescribeDBClusters\"],\"Effect\":\"Allow\",\"Resource\":\"*\"},{\"Action\":[\"logs:GetLogEvents\"],\"Effect\":\"Allow\",\"Resource\":\"*\"}],\"Version\":\"2012-10-17\"}",
            "policy_id": "ANPAWTK25IOPWTSFRPBQC",
            "tags": null,
            "tags_all": {}
          },
          "sensitive_attributes": [],
          "private": "bnVsbA=="
        }
      ]
    },
    {
      "module": "module.iam",
      "mode": "managed",
      "type": "aws_iam_policy",
      "name": "developers_policy",
      "provider": "provider[\"registry.terraform.io/hashicorp/aws\"]",
      "instances": [
        {
          "schema_version": 0,
          "attributes": {
            "arn": "arn:aws:iam::453846582175:policy/DevelopersPolicy",
            "attachment_count": 1,
            "description": "Permission for Developers: EC2 Management, S3 Access, Cloudwatch Logs viewing",
            "id": "arn:aws:iam::453846582175:policy/DevelopersPolicy",
            "name": "DevelopersPolicy",
            "name_prefix": "",
            "path": "/",
            "policy": "{\"Statement\":[{\"Action\":[\"ec2:DescribeInstances\",\"ec2:StartInstances\",\"ec2:StopInstances\",\"ec2:RebootInstances\"],\"Effect\":\"Allow\",\"Resource\":\"*\"},{\"Action\":[\"s3:ListBucket\",\"s3:GetObject\",\"s3:PutObject\"],\"Effect\":\"Allow\",\"Resource\":\"*\"},{\"Action\":[\"logs:DescribeLogGroups\",\"logs:DescribeLogStreams\",\"logs:GetLogEvents\"],\"Effect\":\"Allow\",\"Resource\":\"*\"}],\"Version\":\"2012-10-17\"}",
            "policy_id": "ANPAWTK25IOPQLDZ6H5TB",
            "tags": {},
            "tags_all": {}
          },
          "sensitive_attributes": [],
          "private": "bnVsbA=="
        }
      ]
    },
    {
      "module": "module.iam",
      "mode": "managed",
      "type": "aws_iam_policy",
      "name": "enforce_mfa",
      "provider": "provider[\"registry.terraform.io/hashicorp/aws\"]",
      "instances": [
        {
          "schema_version": 0,
          "attributes": {
            "arn": "arn:aws:iam::453846582175:policy/EnforceMFA",
            "attachment_count": 0,
            "description": "Deny access to all actions unless MFA is enabled",
            "id": "arn:aws:iam::453846582175:policy/EnforceMFA",
            "name": "EnforceMFA",
            "name_prefix": "",
            "path": "/",
            "policy": "{\"Statement\":[{\"Action\":\"*\",\"Condition\":{\"Bool\":{\"aws:MultiFactorAuthPresent\":\"false\"}},\"Effect\":\"Deny\",\"Resource\":\"*\"}],\"Version\":\"2012-10-17\"}",
            "policy_id": "ANPAWTK25IOP3H7CBG5VI",
            "tags": null,
            "tags_all": {}
          },
          "sensitive_attributes": [],
          "private": "bnVsbA=="
        }
      ]
    },
    {
      "module": "module.iam",
      "mode": "managed",
      "type": "aws_iam_policy",
      "name": "finance_policy",
      "provider": "provider[\"registry.terraform.io/hashicorp/aws\"]",
      "instances": [
        {
          "schema_version": 0,
          "attributes": {
            "arn": "arn:aws:iam::453846582175:policy/FinancePolicy",
            "attachment_count": 1,
            "description": "Finance permission for Cost Explorer, AWS Budgets, and Read-only access",
            "id": "arn:aws:iam::453846582175:policy/FinancePolicy",
            "name": "FinancePolicy",
            "name_prefix": "",
            "path": "/",
            "policy": "{\"Statement\":[{\"Action\":[\"ce:*\"],\"Effect\":\"Allow\",\"Resource\":\"*\"},{\"Action\":[\"budgets:*\"],\"Effect\":\"Allow\",\"Resource\":\"*\"},{\"Action\":[\"ec2:Describe*\",\"s3:ListBucket\",\"rds:Describe*\",\"cloudwatch:Describe*\",\"logs:Describe*\"],\"Effect\":\"Allow\",\"Resource\":\"*\"}],\"Version\":\"2012-10-17\"}",
            "policy_id": "ANPAWTK25IOPV7IDKW2LL",
            "tags": {},
            "tags_all": {}
          },
          "sensitive_attributes": [],
          "private": "bnVsbA=="
        }
      ]
    },
    {
      "module": "module.iam",
      "mode": "managed",
      "type": "aws_iam_policy",
      "name": "operations_policy",
      "provider": "provider[\"registry.terraform.io/hashicorp/aws\"]",
      "instances": [
        {
          "schema_version": 0,
          "attributes": {
            "arn": "arn:aws:iam::453846582175:policy/OperationsPolicy",
            "attachment_count": 1,
            "description": "Permissions for the operations groups for EC2 access, CloudWatch access, Systems Manager access, RDS management",
            "id": "arn:aws:iam::453846582175:policy/OperationsPolicy",
            "name": "OperationsPolicy",
            "name_prefix": "",
            "path": "/",
            "policy": "{\"Statement\":[{\"Action\":[\"ec2:*\"],\"Effect\":\"Allow\",\"Resource\":\"*\"},{\"Action\":[\"ssm:*\",\"ssm-contacts:*\",\"ssm-incidents:*\"],\"Effect\":\"Allow\",\"Resource\":\"*\"},{\"Action\":[\"rds:*\"],\"Effect\":\"Allow\",\"Resource\":\"*\"}],\"Version\":\"2012-10-17\"}",
            "policy_id": "ANPAWTK25IOPVMQVY2LKB",
            "tags": {},
            "tags_all": {}
          },
          "sensitive_attributes": [],
          "private": "bnVsbA=="
        }
      ]
    },
    {
      "module": "module.iam",
      "mode": "managed",
      "type": "aws_iam_user",
      "name": "analysts",
      "provider": "provider[\"registry.terraform.io/hashicorp/aws\"]",
      "instances": [
        {
          "index_key": "analyst1",
          "schema_version": 0,
          "attributes": {
            "arn": "arn:aws:iam::453846582175:user/analyst1",
            "force_destroy": false,
            "id": "analyst1",
            "name": "analyst1",
            "path": "/",
            "permissions_boundary": "",
            "tags": {},
            "tags_all": {},
            "unique_id": "AIDAWTK25IOP4VT5W2KK4"
          },
          "sensitive_attributes": [],
          "private": "bnVsbA=="
        },
        {
          "index_key": "analyst2",
          "schema_version": 0,
          "attributes": {
            "arn": "arn:aws:iam::453846582175:user/analyst2",
            "force_destroy": false,
            "id": "analyst2",
            "name": "analyst2",
            "path": "/",
            "permissions_boundary": "",
            "tags": {},
            "tags_all": {},
            "unique_id": "AIDAWTK25IOPVUNBVPBUK"
          },
          "sensitive_attributes": [],
          "private": "bnVsbA=="
        },
        {
          "index_key": "analyst3",
          "schema_version": 0,
          "attributes": {
            "arn": "arn:aws:iam::453846582175:user/analyst3",
            "force_destroy": false,
            "id": "analyst3",
            "name": "analyst3",
            "path": "/",
            "permissions_boundary": "",
            "tags": {},
            "tags_all": {},
            "unique_id": "AIDAWTK25IOPT2TR22VBF"
          },
          "sensitive_attributes": [],
          "private": "bnVsbA=="
        }
      ]
    },
    {
      "module": "module.iam",
      "mode": "managed",
      "type": "aws_iam_user",
      "name": "developers",
      "provider": "provider[\"registry.terraform.io/hashicorp/aws\"]",
      "instances": [
        {
          "index_key": "developer1",
          "schema_version": 0,
          "attributes": {
            "arn": "arn:aws:iam::453846582175:user/developer1",
            "force_destroy": false,
            "id": "developer1",
            "name": "developer1",
            "path": "/",
            "permissions_boundary": "",
            "tags": {},
            "tags_all": {},
            "unique_id": "AIDAWTK25IOPV2AV4VAQE"
          },
          "sensitive_attributes": [],
          "private": "bnVsbA=="
        },
        {
          "index_key": "developer2",
          "schema_version": 0,
          "attributes": {
            "arn": "arn:aws:iam::453846582175:user/developer2",
            "force_destroy": false,
            "id": "developer2",
            "name": "developer2",
            "path": "/",
            "permissions_boundary": "",
            "tags": {},
            "tags_all": {},
            "unique_id": "AIDAWTK25IOP7PA37ESUT"
          },
          "sensitive_attributes": [],
          "private": "bnVsbA=="
        },
        {
          "index_key": "developer3",
          "schema_version": 0,
          "attributes": {
            "arn": "arn:aws:iam::453846582175:user/developer3",
            "force_destroy": false,
            "id": "developer3",
            "name": "developer3",
            "path": "/",
            "permissions_boundary": "",
            "tags": {},
            "tags_all": {},
            "unique_id": "AIDAWTK25IOP23F3RVZTH"
          },
          "sensitive_attributes": [],
          "private": "bnVsbA=="
        },
        {
          "index_key": "developer4",
          "schema_version": 0,
          "attributes": {
            "arn": "arn:aws:iam::453846582175:user/developer4",
            "force_destroy": false,
            "id": "developer4",
            "name": "developer4",
            "path": "/",
            "permissions_boundary": "",
            "tags": {},
            "tags_all": {},
            "unique_id": "AIDAWTK25IOPQ6ZZCGDXU"
          },
          "sensitive_attributes": [],
          "private": "bnVsbA=="
        }
      ]
    },
    {
      "module": "module.iam",
      "mode": "managed",
      "type": "aws_iam_user",
      "name": "finance",
      "provider": "provider[\"registry.terraform.io/hashicorp/aws\"]",
      "instances": [
        {
          "index_key": "finance1",
          "schema_version": 0,
          "attributes": {
            "arn": "arn:aws:iam::453846582175:user/finance1",
            "force_destroy": false,
            "id": "finance1",
            "name": "finance1",
            "path": "/",
            "permissions_boundary": "",
            "tags": {},
            "tags_all": {},
            "unique_id": "AIDAWTK25IOP7VAS7KK7Z"
          },
          "sensitive_attributes": [],
          "private": "bnVsbA=="
        }
      ]
    },
    {
      "module": "module.iam",
      "mode": "managed",
      "type": "aws_iam_user",
      "name": "operations",
      "provider": "provider[\"registry.terraform.io/hashicorp/aws\"]",
      "instances": [
        {
          "index_key": "operations1",
          "schema_version": 0,
          "attributes": {
            "arn": "arn:aws:iam::453846582175:user/operations1",
            "force_destroy": false,
            "id": "operations1",
            "name": "operations1",
            "path": "/",
            "permissions_boundary": "",
            "tags": {},
            "tags_all": {},
            "unique_id": "AIDAWTK25IOPTU4TKXZTY"
          },
          "sensitive_attributes": [],
          "private": "bnVsbA=="
        },
        {
          "index_key": "operations2",
          "schema_version": 0,
          "attributes": {
            "arn": "arn:aws:iam::453846582175:user/operations2",
            "force_destroy": false,
            "id": "operations2",
            "name": "operations2",
            "path": "/",
            "permissions_boundary": "",
            "tags": {},
            "tags_all": {},
            "unique_id": "AIDAWTK25IOPVQ2W6L6JU"
          },
          "sensitive_attributes": [],
          "private": "bnVsbA=="
        }
      ]
    }
  ],
  "check_results": null
}
